
Microsoft Visual Studio Solution File, Format Version 12.00
# Visual Studio Version 16
VisualStudioVersion = 16.0.31729.503
MinimumVisualStudioVersion = 10.0.40219.1
Project("{FAE04EC0-301F-11D3-BF4B-00C04F79EFBC}") = "Gestion des biblio", "Gestion des biblio\Gestion des biblio.csproj", "{8A82F434-42C0-4A22-A49F-452CCBAF33CF}"
EndProject
Global
	GlobalSection(SolutionConfigurationPlatforms) = preSolution
		Debug|Any CPU = Debug|Any CPU
		Release|Any CPU = Release|Any CPU
	EndGlobalSection
	GlobalSection(ProjectConfigurationPlatforms) = postSolution
		{8A82F434-42C0-4A22-A49F-452CCBAF33CF}.Debug|Any CPU.ActiveCfg = Debug|Any CPU
		{8A82F434-42C0-4A22-A49F-452CCBAF33CF}.Debug|Any CPU.Build.0 = Debug|Any CPU
		{8A82F434-42C0-4A22-A49F-452CCBAF33CF}.Release|Any CPU.ActiveCfg = Release|Any CPU
		{8A82F434-42C0-4A22-A49F-452CCBAF33CF}.Release|Any CPU.Build.0 = Release|Any CPU
	EndGlobalSection
	GlobalSection(SolutionProperties) = preSolution
		HideSolutionNode = FALSE
	EndGlobalSection
	GlobalSection(ExtensibilityGlobals) = postSolution
		SolutionGuid = {7AF89502-5BC7-4920-BD01-37C1E89ED9C2}
	EndGlobalSection
EndGlobal
